
Microsoft Visual Studio Solution File, Format Version 12.00
# Visual Studio Version 16
VisualStudioVersion = 16.0.30621.155
MinimumVisualStudioVersion = 10.0.40219.1
Project("{9A19103F-16F7-4668-BE54-9A1E7A4F7556}") = "ItAcademyWebShop", "ItAcademyWebShop\ItAcademyWebShop.csproj", "{758EB0E6-F4EE-48A3-A5A7-7601A0600F3E}"
EndProject
Project("{9A19103F-16F7-4668-BE54-9A1E7A4F7556}") = "MsSqlDb.SqlDataProvider", "DatabaseConnector\MsSqlDb.SqlDataProvider.csproj", "{2D6F85BE-0E18-408F-883B-0CFB8F4A8E1F}"
EndProject
Project("{9A19103F-16F7-4668-BE54-9A1E7A4F7556}") = "ItAcademyWebShop.Items", "Interfaces\ItAcademyWebShop.Items.csproj", "{D331923A-F1F4-4D80-9A30-9CF43B41F8C2}"
EndProject
Project("{2150E333-8FDC-42A3-9474-1A3956D46DE8}") = "DAL", "DAL", "{4D301B92-1A9F-46A5-AAE3-A23F35734501}"
EndProject
Project("{9A19103F-16F7-4668-BE54-9A1E7A4F7556}") = "MsSqlDb.DataLinqProvider", "MsSqlDbDataLinqProvider\MsSqlDb.DataLinqProvider.csproj", "{270B64D5-12AD-4DDA-9D06-E5D9E8F23C43}"
EndProject
Global
	GlobalSection(SolutionConfigurationPlatforms) = preSolution
		Debug|Any CPU = Debug|Any CPU
		Release|Any CPU = Release|Any CPU
	EndGlobalSection
	GlobalSection(ProjectConfigurationPlatforms) = postSolution
		{758EB0E6-F4EE-48A3-A5A7-7601A0600F3E}.Debug|Any CPU.ActiveCfg = Debug|Any CPU
		{758EB0E6-F4EE-48A3-A5A7-7601A0600F3E}.Debug|Any CPU.Build.0 = Debug|Any CPU
		{758EB0E6-F4EE-48A3-A5A7-7601A0600F3E}.Release|Any CPU.ActiveCfg = Release|Any CPU
		{758EB0E6-F4EE-48A3-A5A7-7601A0600F3E}.Release|Any CPU.Build.0 = Release|Any CPU
		{2D6F85BE-0E18-408F-883B-0CFB8F4A8E1F}.Debug|Any CPU.ActiveCfg = Debug|Any CPU
		{2D6F85BE-0E18-408F-883B-0CFB8F4A8E1F}.Debug|Any CPU.Build.0 = Debug|Any CPU
		{2D6F85BE-0E18-408F-883B-0CFB8F4A8E1F}.Release|Any CPU.ActiveCfg = Release|Any CPU
		{2D6F85BE-0E18-408F-883B-0CFB8F4A8E1F}.Release|Any CPU.Build.0 = Release|Any CPU
		{D331923A-F1F4-4D80-9A30-9CF43B41F8C2}.Debug|Any CPU.ActiveCfg = Debug|Any CPU
		{D331923A-F1F4-4D80-9A30-9CF43B41F8C2}.Debug|Any CPU.Build.0 = Debug|Any CPU
		{D331923A-F1F4-4D80-9A30-9CF43B41F8C2}.Release|Any CPU.ActiveCfg = Release|Any CPU
		{D331923A-F1F4-4D80-9A30-9CF43B41F8C2}.Release|Any CPU.Build.0 = Release|Any CPU
		{270B64D5-12AD-4DDA-9D06-E5D9E8F23C43}.Debug|Any CPU.ActiveCfg = Debug|Any CPU
		{270B64D5-12AD-4DDA-9D06-E5D9E8F23C43}.Debug|Any CPU.Build.0 = Debug|Any CPU
		{270B64D5-12AD-4DDA-9D06-E5D9E8F23C43}.Release|Any CPU.ActiveCfg = Release|Any CPU
		{270B64D5-12AD-4DDA-9D06-E5D9E8F23C43}.Release|Any CPU.Build.0 = Release|Any CPU
	EndGlobalSection
	GlobalSection(SolutionProperties) = preSolution
		HideSolutionNode = FALSE
	EndGlobalSection
	GlobalSection(NestedProjects) = preSolution
		{2D6F85BE-0E18-408F-883B-0CFB8F4A8E1F} = {4D301B92-1A9F-46A5-AAE3-A23F35734501}
		{270B64D5-12AD-4DDA-9D06-E5D9E8F23C43} = {4D301B92-1A9F-46A5-AAE3-A23F35734501}
	EndGlobalSection
	GlobalSection(ExtensibilityGlobals) = postSolution
		SolutionGuid = {C8BA24D8-35E3-449D-8C26-E5B10B6B2781}
	EndGlobalSection
EndGlobal
